
Microsoft Visual Studio Solution File, Format Version 12.00
# Visual Studio Version 17
VisualStudioVersion = 17.13.35825.156 d17.13
MinimumVisualStudioVersion = 10.0.40219.1
Project("{FAE04EC0-301F-11D3-BF4B-00C04F79EFBC}") = "2", "2\2.csproj", "{AC04FA05-A949-482B-A248-3FA8DD84D74F}"
EndProject
Global
	GlobalSection(SolutionConfigurationPlatforms) = preSolution
		Debug|Any CPU = Debug|Any CPU
		Release|Any CPU = Release|Any CPU
	EndGlobalSection
	GlobalSection(ProjectConfigurationPlatforms) = postSolution
		{AC04FA05-A949-482B-A248-3FA8DD84D74F}.Debug|Any CPU.ActiveCfg = Debug|Any CPU
		{AC04FA05-A949-482B-A248-3FA8DD84D74F}.Debug|Any CPU.Build.0 = Debug|Any CPU
		{AC04FA05-A949-482B-A248-3FA8DD84D74F}.Release|Any CPU.ActiveCfg = Release|Any CPU
		{AC04FA05-A949-482B-A248-3FA8DD84D74F}.Release|Any CPU.Build.0 = Release|Any CPU
	EndGlobalSection
	GlobalSection(SolutionProperties) = preSolution
		HideSolutionNode = FALSE
	EndGlobalSection
	GlobalSection(ExtensibilityGlobals) = postSolution
		SolutionGuid = {9E252F69-5BD8-44BE-9489-D9D1D7758774}
	EndGlobalSection
EndGlobal
